
Microsoft Visual Studio Solution File, Format Version 12.00
# Visual Studio Version 17
VisualStudioVersion = 17.0.31903.59
MinimumVisualStudioVersion = 10.0.40219.1
Project("{FAE04EC0-301F-11D3-BF4B-00C04F79EFBC}") = "pr-32_prakt17_1_OAP_Kolyasnikova.V", "pr-32_prakt17_1_OAP_Kolyasnikova.V\pr-32_prakt17_1_OAP_Kolyasnikova.V.csproj", "{6B64E04E-FF15-4D78-AEC0-AF9BF584AEFD}"
EndProject
Global
	GlobalSection(SolutionConfigurationPlatforms) = preSolution
		Debug|Any CPU = Debug|Any CPU
		Release|Any CPU = Release|Any CPU
	EndGlobalSection
	GlobalSection(ProjectConfigurationPlatforms) = postSolution
		{6B64E04E-FF15-4D78-AEC0-AF9BF584AEFD}.Debug|Any CPU.ActiveCfg = Debug|Any CPU
		{6B64E04E-FF15-4D78-AEC0-AF9BF584AEFD}.Debug|Any CPU.Build.0 = Debug|Any CPU
		{6B64E04E-FF15-4D78-AEC0-AF9BF584AEFD}.Release|Any CPU.ActiveCfg = Release|Any CPU
		{6B64E04E-FF15-4D78-AEC0-AF9BF584AEFD}.Release|Any CPU.Build.0 = Release|Any CPU
	EndGlobalSection
	GlobalSection(SolutionProperties) = preSolution
		HideSolutionNode = FALSE
	EndGlobalSection
	GlobalSection(ExtensibilityGlobals) = postSolution
		SolutionGuid = {D00C5C8B-60A9-4098-B890-799A363A0887}
	EndGlobalSection
EndGlobal
